
Microsoft Visual Studio Solution File, Format Version 12.00
# Visual Studio Version 17
VisualStudioVersion = 17.14.36202.13 d17.14
MinimumVisualStudioVersion = 10.0.40219.1
Project("{FAE04EC0-301F-11D3-BF4B-00C04F79EFBC}") = "API - RM558578", "API - RM558578\API - RM558578.csproj", "{EF9FFCFF-AD6A-4782-84A8-8C4B3284B975}"
EndProject
Global
	GlobalSection(SolutionConfigurationPlatforms) = preSolution
		Debug|Any CPU = Debug|Any CPU
		Release|Any CPU = Release|Any CPU
	EndGlobalSection
	GlobalSection(ProjectConfigurationPlatforms) = postSolution
		{EF9FFCFF-AD6A-4782-84A8-8C4B3284B975}.Debug|Any CPU.ActiveCfg = Debug|Any CPU
		{EF9FFCFF-AD6A-4782-84A8-8C4B3284B975}.Debug|Any CPU.Build.0 = Debug|Any CPU
		{EF9FFCFF-AD6A-4782-84A8-8C4B3284B975}.Release|Any CPU.ActiveCfg = Release|Any CPU
		{EF9FFCFF-AD6A-4782-84A8-8C4B3284B975}.Release|Any CPU.Build.0 = Release|Any CPU
	EndGlobalSection
	GlobalSection(SolutionProperties) = preSolution
		HideSolutionNode = FALSE
	EndGlobalSection
	GlobalSection(ExtensibilityGlobals) = postSolution
		SolutionGuid = {7A7EBF29-70CA-4A8F-A45F-6D3F7C54C027}
	EndGlobalSection
EndGlobal
